
Microsoft Visual Studio Solution File, Format Version 11.00
# Visual Studio 2010
Project("{FAE04EC0-301F-11D3-BF4B-00C04F79EFBC}") = "FirePrize", "FirePrize\FirePrize.csproj", "{332AB0F8-6B73-43D4-AB79-7E8025C1ACA6}"
EndProject
Global
	GlobalSection(SolutionConfigurationPlatforms) = preSolution
		Debug|x86 = Debug|x86
		Release|x86 = Release|x86
	EndGlobalSection
	GlobalSection(ProjectConfigurationPlatforms) = postSolution
		{332AB0F8-6B73-43D4-AB79-7E8025C1ACA6}.Debug|x86.ActiveCfg = Debug|x86
		{332AB0F8-6B73-43D4-AB79-7E8025C1ACA6}.Debug|x86.Build.0 = Debug|x86
		{332AB0F8-6B73-43D4-AB79-7E8025C1ACA6}.Release|x86.ActiveCfg = Release|x86
		{332AB0F8-6B73-43D4-AB79-7E8025C1ACA6}.Release|x86.Build.0 = Release|x86
	EndGlobalSection
	GlobalSection(SolutionProperties) = preSolution
		HideSolutionNode = FALSE
	EndGlobalSection
EndGlobal
